{
  "originHash" : "7b97790ca80d08686d9c9fcc756f857d9951541bb61167ef5df024519c64b182",
  "pins" : [
    {
      "identity" : "readabilitymodifier",
      "kind" : "remoteSourceControl",
      "location" : "https://github.com/yazio/ReadabilityModifier",
      "state" : {
        "revision" : "ce162150a090d5ae54a682d1f6be3862a3ad3ad4",
        "version" : "1.0.0"
      }
    },
    {
      "identity" : "swiftgenplugin",
      "kind" : "remoteSourceControl",
      "location" : "https://github.com/shadone/SwiftGenPlugin",
      "state" : {
        "branch" : "6.6.2+deriveddatafix",
        "revision" : "9eb26960d2ebecbe74feecc695e6125eb39e797e"
      }
    },
    {
      "identity" : "swiftui-cached-async-image",
      "kind" : "remoteSourceControl",
      "location" : "https://github.com/lorenzofiamingo/swiftui-cached-async-image",
      "state" : {
        "revision" : "467a3d17479887943ab917a379e62bbaff60ac8a",
        "version" : "2.1.1"
      }
    }
  ],
  "version" : 3
}
