{
  "originHash" : "5e2396688b4fcb94ba4589017738a013e07e45529243591853be11a1b35d66cb",
  "pins" : [
    {
      "identity" : "readabilitymodifier",
      "kind" : "remoteSourceControl",
      "location" : "https://github.com/yazio/ReadabilityModifier.git",
      "state" : {
        "revision" : "ce162150a090d5ae54a682d1f6be3862a3ad3ad4",
        "version" : "1.0.0"
      }
    },
    {
      "identity" : "swiftui-cached-async-image",
      "kind" : "remoteSourceControl",
      "location" : "https://github.com/lorenzofiamingo/swiftui-cached-async-image",
      "state" : {
        "revision" : "467a3d17479887943ab917a379e62bbaff60ac8a",
        "version" : "2.1.1"
      }
    }
  ],
  "version" : 3
}
