// !$*UTF8*$!
{
	archiveVersion = 1;
	classes = {
	};
	objectVersion = 55;
	objects = {

/* Begin PBXBuildFile section */
		2A3831122884A96600030002 /* FancyHeaderView.swift in Sources */ = {isa = PBXBuildFile; fileRef = 2A3831112884A96600030002 /* FancyHeaderView.swift */; };
		39029E0228883851006BC6EE /* ContributorsView.swift in Sources */ = {isa = PBXBuildFile; fileRef = 39029E0128883851006BC6EE /* ContributorsView.swift */; };
		39029E0428883DFE006BC6EE /* Contributor.swift in Sources */ = {isa = PBXBuildFile; fileRef = 39029E0328883DFE006BC6EE /* Contributor.swift */; };
		39345FDA288F17EE0031BCFF /* BottomSheetView.swift in Sources */ = {isa = PBXBuildFile; fileRef = 39345FD9288F17EE0031BCFF /* BottomSheetView.swift */; };
		394653A9288BB47A00212E1C /* SectionHeader.swift in Sources */ = {isa = PBXBuildFile; fileRef = 394653A8288BB47A00212E1C /* SectionHeader.swift */; };
		394653AB288BB7C800212E1C /* SpeakerView.swift in Sources */ = {isa = PBXBuildFile; fileRef = 394653AA288BB7C800212E1C /* SpeakerView.swift */; };
		39ED0034288F113500AB337A /* LocalCell.swift in Sources */ = {isa = PBXBuildFile; fileRef = 39ED0033288F113500AB337A /* LocalCell.swift */; };
		7406572728E2304E0087F44F /* Calendar.swift in Sources */ = {isa = PBXBuildFile; fileRef = AEDC2256289C65D500746247 /* Calendar.swift */; };
		7406572928E240720087F44F /* WidgetConstants.swift in Sources */ = {isa = PBXBuildFile; fileRef = 7406572828E240720087F44F /* WidgetConstants.swift */; };
		74A09FDF28C6778C00E03F39 /* WidgetKit.framework in Frameworks */ = {isa = PBXBuildFile; fileRef = 74A09FDE28C6778C00E03F39 /* WidgetKit.framework */; };
		74A09FE128C6778C00E03F39 /* SwiftUI.framework in Frameworks */ = {isa = PBXBuildFile; fileRef = 74A09FE028C6778C00E03F39 /* SwiftUI.framework */; };
		74A09FE428C6778C00E03F39 /* SwiftLeedsWidget.swift in Sources */ = {isa = PBXBuildFile; fileRef = 74A09FE328C6778C00E03F39 /* SwiftLeedsWidget.swift */; };
		74A09FE628C6779300E03F39 /* Assets.xcassets in Resources */ = {isa = PBXBuildFile; fileRef = 74A09FE528C6779300E03F39 /* Assets.xcassets */; };
		74A09FEA28C6779300E03F39 /* SwiftLeedsWidgetExtension.appex in Embed App Extensions */ = {isa = PBXBuildFile; fileRef = 74A09FDD28C6778C00E03F39 /* SwiftLeedsWidgetExtension.appex */; settings = {ATTRIBUTES = (RemoveHeadersOnCopy, ); }; };
		74A09FEF28C6794900E03F39 /* Contributor.swift in Sources */ = {isa = PBXBuildFile; fileRef = 39029E0328883DFE006BC6EE /* Contributor.swift */; };
		74A09FF028C688E700E03F39 /* Assets.xcassets in Resources */ = {isa = PBXBuildFile; fileRef = AECB295A27417F9E00CDC983 /* Assets.xcassets */; };
		74A09FF128C688E700E03F39 /* Colors.xcassets in Resources */ = {isa = PBXBuildFile; fileRef = AECB29872741ACE000CDC983 /* Colors.xcassets */; };
		74A09FF228C689AB00E03F39 /* Color.swift in Sources */ = {isa = PBXBuildFile; fileRef = AECB298127418DA200CDC983 /* Color.swift */; };
		74B14FB028CE21D7004C0A40 /* TimeineProvider.swift in Sources */ = {isa = PBXBuildFile; fileRef = 74B14FAF28CE21D7004C0A40 /* TimeineProvider.swift */; };
		74B14FB228CE2221004C0A40 /* SwiftLeedsWidgetEntry.swift in Sources */ = {isa = PBXBuildFile; fileRef = 74B14FB128CE2221004C0A40 /* SwiftLeedsWidgetEntry.swift */; };
		74B14FB428CE2245004C0A40 /* SwiftLeedsWidgetEntryView.swift in Sources */ = {isa = PBXBuildFile; fileRef = 74B14FB328CE2245004C0A40 /* SwiftLeedsWidgetEntryView.swift */; };
		74E62F7028CA68D2004422F9 /* Constants.swift in Sources */ = {isa = PBXBuildFile; fileRef = AE32CDEF286CCF9D00DF0AFF /* Constants.swift */; };
		74E62F7228CA98EA004422F9 /* SwiftLeedsSmallWidgetView.swift in Sources */ = {isa = PBXBuildFile; fileRef = 74E62F7128CA98EA004422F9 /* SwiftLeedsSmallWidgetView.swift */; };
		74E62F7428CAAB30004422F9 /* SwiftLeedsMediumWidgetView.swift in Sources */ = {isa = PBXBuildFile; fileRef = 74E62F7328CAAB30004422F9 /* SwiftLeedsMediumWidgetView.swift */; };
		74E62F7728CADBD8004422F9 /* Schedule.swift in Sources */ = {isa = PBXBuildFile; fileRef = AEDC22542898288F00746247 /* Schedule.swift */; };
		74E62F7828CADBE0004422F9 /* Activity.swift in Sources */ = {isa = PBXBuildFile; fileRef = AE8C1B2128BFCF4700AF7318 /* Activity.swift */; };
		74E62F7928CADBE6004422F9 /* Presentation.swift in Sources */ = {isa = PBXBuildFile; fileRef = AE8C1B2328BFCFC700AF7318 /* Presentation.swift */; };
		74E62F7A28CAE4DF004422F9 /* Speaker.swift in Sources */ = {isa = PBXBuildFile; fileRef = AE8C1B2528BFCFE700AF7318 /* Speaker.swift */; };
		AE1C8010289E9F3800996659 /* String.swift in Sources */ = {isa = PBXBuildFile; fileRef = AE1C800F289E9F3800996659 /* String.swift */; };
		AE1C801428A7BCD000996659 /* Settings.bundle in Resources */ = {isa = PBXBuildFile; fileRef = AE1C801328A7BCD000996659 /* Settings.bundle */; };
		AE32CDF0286CCF9D00DF0AFF /* Constants.swift in Sources */ = {isa = PBXBuildFile; fileRef = AE32CDEF286CCF9D00DF0AFF /* Constants.swift */; };
		AE5EFD73289DC1D000464FE1 /* CachedAsyncImage in Frameworks */ = {isa = PBXBuildFile; productRef = AE5EFD72289DC1D000464FE1 /* CachedAsyncImage */; };
		AE5EFD75289E7CBF00464FE1 /* ActivityView.swift in Sources */ = {isa = PBXBuildFile; fileRef = AE5EFD74289E7CBF00464FE1 /* ActivityView.swift */; };
		AE8C1B2228BFCF4700AF7318 /* Activity.swift in Sources */ = {isa = PBXBuildFile; fileRef = AE8C1B2128BFCF4700AF7318 /* Activity.swift */; };
		AE8C1B2428BFCFC700AF7318 /* Presentation.swift in Sources */ = {isa = PBXBuildFile; fileRef = AE8C1B2328BFCFC700AF7318 /* Presentation.swift */; };
		AE8C1B2628BFCFE700AF7318 /* Speaker.swift in Sources */ = {isa = PBXBuildFile; fileRef = AE8C1B2528BFCFE700AF7318 /* Speaker.swift */; };
		AE8C1B2828C4B36B00AF7318 /* AppDelegate+Push.swift in Sources */ = {isa = PBXBuildFile; fileRef = AE8C1B2728C4B36B00AF7318 /* AppDelegate+Push.swift */; };
		AE8C1B2B28C4B39A00AF7318 /* TokenDetails.swift in Sources */ = {isa = PBXBuildFile; fileRef = AE8C1B2A28C4B39A00AF7318 /* TokenDetails.swift */; };
		AEB06BD128CF8D2100E51967 /* WebView.swift in Sources */ = {isa = PBXBuildFile; fileRef = AEB06BD028CF8D2100E51967 /* WebView.swift */; };
		AECB295727417F9D00CDC983 /* SwiftLeedsApp.swift in Sources */ = {isa = PBXBuildFile; fileRef = AECB295627417F9D00CDC983 /* SwiftLeedsApp.swift */; };
		AECB295927417F9D00CDC983 /* MyConferenceView.swift in Sources */ = {isa = PBXBuildFile; fileRef = AECB295827417F9D00CDC983 /* MyConferenceView.swift */; };
		AECB295B27417F9E00CDC983 /* Assets.xcassets in Resources */ = {isa = PBXBuildFile; fileRef = AECB295A27417F9E00CDC983 /* Assets.xcassets */; };
		AECB295E27417F9E00CDC983 /* Preview Assets.xcassets in Resources */ = {isa = PBXBuildFile; fileRef = AECB295D27417F9E00CDC983 /* Preview Assets.xcassets */; };
		AECB296827417F9E00CDC983 /* SwiftLeedsTests.swift in Sources */ = {isa = PBXBuildFile; fileRef = AECB296727417F9E00CDC983 /* SwiftLeedsTests.swift */; };
		AECB297227417F9E00CDC983 /* SwiftLeedsUITests.swift in Sources */ = {isa = PBXBuildFile; fileRef = AECB297127417F9E00CDC983 /* SwiftLeedsUITests.swift */; };
		AECB297427417F9E00CDC983 /* SwiftLeedsUITestsLaunchTests.swift in Sources */ = {isa = PBXBuildFile; fileRef = AECB297327417F9E00CDC983 /* SwiftLeedsUITestsLaunchTests.swift */; };
		AECB298227418DA200CDC983 /* Color.swift in Sources */ = {isa = PBXBuildFile; fileRef = AECB298127418DA200CDC983 /* Color.swift */; };
		AECB29882741ACE000CDC983 /* Colors.xcassets in Resources */ = {isa = PBXBuildFile; fileRef = AECB29872741ACE000CDC983 /* Colors.xcassets */; };
		AED26F7028675DA000E06064 /* AnnouncementCell.swift in Sources */ = {isa = PBXBuildFile; fileRef = AED26F6F28675DA000E06064 /* AnnouncementCell.swift */; };
		AED26F74286764F000E06064 /* TalkCell.swift in Sources */ = {isa = PBXBuildFile; fileRef = AED26F73286764F000E06064 /* TalkCell.swift */; };
		AED26F7828676A9900E06064 /* AboutView.swift in Sources */ = {isa = PBXBuildFile; fileRef = AED26F7728676A9900E06064 /* AboutView.swift */; };
		AED26F7A28676AA300E06064 /* LocalView.swift in Sources */ = {isa = PBXBuildFile; fileRef = AED26F7928676AA300E06064 /* LocalView.swift */; };
		AEDC0DAE286759630078A153 /* Tabs.swift in Sources */ = {isa = PBXBuildFile; fileRef = AEDC0DAD286759630078A153 /* Tabs.swift */; };
		AEDC22532898281300746247 /* MyConferenceViewModel.swift in Sources */ = {isa = PBXBuildFile; fileRef = AEDC22522898281300746247 /* MyConferenceViewModel.swift */; };
		AEDC22552898288F00746247 /* Schedule.swift in Sources */ = {isa = PBXBuildFile; fileRef = AEDC22542898288F00746247 /* Schedule.swift */; };
		AEDC2257289C65D500746247 /* Calendar.swift in Sources */ = {isa = PBXBuildFile; fileRef = AEDC2256289C65D500746247 /* Calendar.swift */; };
		FA1F7EF7287CB71600E12F8C /* HeaderView.swift in Sources */ = {isa = PBXBuildFile; fileRef = FA1F7EF6287CB71600E12F8C /* HeaderView.swift */; };
		FA534D7F28A1905000A3BFBB /* Environment.swift in Sources */ = {isa = PBXBuildFile; fileRef = FA534D7E28A1905000A3BFBB /* Environment.swift */; };
		FA534D8228A1909300A3BFBB /* Local.swift in Sources */ = {isa = PBXBuildFile; fileRef = FA534D8128A1909300A3BFBB /* Local.swift */; };
		FA534D8628A1917C00A3BFBB /* Environment+Network.swift in Sources */ = {isa = PBXBuildFile; fileRef = FA534D8528A1917C00A3BFBB /* Environment+Network.swift */; };
		FA534D8828A1939500A3BFBB /* LocalViewModel.swift in Sources */ = {isa = PBXBuildFile; fileRef = FA534D8728A1939500A3BFBB /* LocalViewModel.swift */; };
		FA57DE462875B06500911F03 /* CommonTileButton.swift in Sources */ = {isa = PBXBuildFile; fileRef = FA57DE432875B06500911F03 /* CommonTileButton.swift */; };
		FA57DE472875B06500911F03 /* CommonTileView.swift in Sources */ = {isa = PBXBuildFile; fileRef = FA57DE442875B06500911F03 /* CommonTileView.swift */; };
		FA57DE482875B06500911F03 /* StackedTileView.swift in Sources */ = {isa = PBXBuildFile; fileRef = FA57DE452875B06500911F03 /* StackedTileView.swift */; };
		FA57DE4B2875B06B00911F03 /* SwiftLeedsContainer.swift in Sources */ = {isa = PBXBuildFile; fileRef = FA57DE4A2875B06B00911F03 /* SwiftLeedsContainer.swift */; };
		FA57DE4D2875B08600911F03 /* LinearGradient.swift in Sources */ = {isa = PBXBuildFile; fileRef = FA57DE4C2875B08600911F03 /* LinearGradient.swift */; };
		FA57DE502875B09900911F03 /* ContentTileView.swift in Sources */ = {isa = PBXBuildFile; fileRef = FA57DE4E2875B09900911F03 /* ContentTileView.swift */; };
		FA57DE512875B09900911F03 /* SponsorGridView.swift in Sources */ = {isa = PBXBuildFile; fileRef = FA57DE4F2875B09900911F03 /* SponsorGridView.swift */; };
		FA57DE552875B0C100911F03 /* SquishyButtonStyle.swift in Sources */ = {isa = PBXBuildFile; fileRef = FA57DE542875B0C100911F03 /* SquishyButtonStyle.swift */; };
		FA57DE592875B0EF00911F03 /* Sponsor.swift in Sources */ = {isa = PBXBuildFile; fileRef = FA57DE582875B0EF00911F03 /* Sponsor.swift */; };
		FAAB819128844EBC001159BB /* View+MeasureSize.swift in Sources */ = {isa = PBXBuildFile; fileRef = FAAB819028844EBC001159BB /* View+MeasureSize.swift */; };
		FAF74EDC288B44BE00A0926C /* NetworkKit in Frameworks */ = {isa = PBXBuildFile; productRef = FAF74EDB288B44BE00A0926C /* NetworkKit */; };
		FAFDC5E328A51CEB000B840C /* Endpoints.swift in Sources */ = {isa = PBXBuildFile; fileRef = FAFDC5E228A51CEB000B840C /* Endpoints.swift */; };
/* End PBXBuildFile section */

/* Begin PBXContainerItemProxy section */
		74A09FE828C6779300E03F39 /* PBXContainerItemProxy */ = {
			isa = PBXContainerItemProxy;
			containerPortal = AECB294B27417F9D00CDC983 /* Project object */;
			proxyType = 1;
			remoteGlobalIDString = 74A09FDC28C6778C00E03F39;
			remoteInfo = SwiftLeedsWidgetExtension;
		};
		AECB296427417F9E00CDC983 /* PBXContainerItemProxy */ = {
			isa = PBXContainerItemProxy;
			containerPortal = AECB294B27417F9D00CDC983 /* Project object */;
			proxyType = 1;
			remoteGlobalIDString = AECB295227417F9D00CDC983;
			remoteInfo = SwiftLeeds;
		};
		AECB296E27417F9E00CDC983 /* PBXContainerItemProxy */ = {
			isa = PBXContainerItemProxy;
			containerPortal = AECB294B27417F9D00CDC983 /* Project object */;
			proxyType = 1;
			remoteGlobalIDString = AECB295227417F9D00CDC983;
			remoteInfo = SwiftLeeds;
		};
/* End PBXContainerItemProxy section */

/* Begin PBXCopyFilesBuildPhase section */
		74A09FEB28C6779300E03F39 /* Embed App Extensions */ = {
			isa = PBXCopyFilesBuildPhase;
			buildActionMask = 2147483647;
			dstPath = "";
			dstSubfolderSpec = 13;
			files = (
				74A09FEA28C6779300E03F39 /* SwiftLeedsWidgetExtension.appex in Embed App Extensions */,
			);
			name = "Embed App Extensions";
			runOnlyForDeploymentPostprocessing = 0;
		};
/* End PBXCopyFilesBuildPhase section */

/* Begin PBXFileReference section */
		2A3831112884A96600030002 /* FancyHeaderView.swift */ = {isa = PBXFileReference; fileEncoding = 4; lastKnownFileType = sourcecode.swift; path = FancyHeaderView.swift; sourceTree = "<group>"; };
		39029E0128883851006BC6EE /* ContributorsView.swift */ = {isa = PBXFileReference; lastKnownFileType = sourcecode.swift; path = ContributorsView.swift; sourceTree = "<group>"; };
		39029E0328883DFE006BC6EE /* Contributor.swift */ = {isa = PBXFileReference; lastKnownFileType = sourcecode.swift; path = Contributor.swift; sourceTree = "<group>"; };
		39345FD9288F17EE0031BCFF /* BottomSheetView.swift */ = {isa = PBXFileReference; fileEncoding = 4; lastKnownFileType = sourcecode.swift; path = BottomSheetView.swift; sourceTree = "<group>"; };
		394653A8288BB47A00212E1C /* SectionHeader.swift */ = {isa = PBXFileReference; lastKnownFileType = sourcecode.swift; path = SectionHeader.swift; sourceTree = "<group>"; };
		394653AA288BB7C800212E1C /* SpeakerView.swift */ = {isa = PBXFileReference; lastKnownFileType = sourcecode.swift; path = SpeakerView.swift; sourceTree = "<group>"; };
		39ED0033288F113500AB337A /* LocalCell.swift */ = {isa = PBXFileReference; lastKnownFileType = sourcecode.swift; path = LocalCell.swift; sourceTree = "<group>"; };
		7406572828E240720087F44F /* WidgetConstants.swift */ = {isa = PBXFileReference; lastKnownFileType = sourcecode.swift; path = WidgetConstants.swift; sourceTree = "<group>"; };
		74A09FDD28C6778C00E03F39 /* SwiftLeedsWidgetExtension.appex */ = {isa = PBXFileReference; explicitFileType = "wrapper.app-extension"; includeInIndex = 0; path = SwiftLeedsWidgetExtension.appex; sourceTree = BUILT_PRODUCTS_DIR; };
		74A09FDE28C6778C00E03F39 /* WidgetKit.framework */ = {isa = PBXFileReference; lastKnownFileType = wrapper.framework; name = WidgetKit.framework; path = System/Library/Frameworks/WidgetKit.framework; sourceTree = SDKROOT; };
		74A09FE028C6778C00E03F39 /* SwiftUI.framework */ = {isa = PBXFileReference; lastKnownFileType = wrapper.framework; name = SwiftUI.framework; path = System/Library/Frameworks/SwiftUI.framework; sourceTree = SDKROOT; };
		74A09FE328C6778C00E03F39 /* SwiftLeedsWidget.swift */ = {isa = PBXFileReference; lastKnownFileType = sourcecode.swift; path = SwiftLeedsWidget.swift; sourceTree = "<group>"; };
		74A09FE528C6779300E03F39 /* Assets.xcassets */ = {isa = PBXFileReference; lastKnownFileType = folder.assetcatalog; path = Assets.xcassets; sourceTree = "<group>"; };
		74A09FE728C6779300E03F39 /* Info.plist */ = {isa = PBXFileReference; lastKnownFileType = text.plist.xml; path = Info.plist; sourceTree = "<group>"; };
		74B14FAD28CB22B4004C0A40 /* SwiftLeedsWidgetExtension.entitlements */ = {isa = PBXFileReference; lastKnownFileType = text.plist.entitlements; path = SwiftLeedsWidgetExtension.entitlements; sourceTree = "<group>"; };
		74B14FAF28CE21D7004C0A40 /* TimeineProvider.swift */ = {isa = PBXFileReference; lastKnownFileType = sourcecode.swift; path = TimeineProvider.swift; sourceTree = "<group>"; };
		74B14FB128CE2221004C0A40 /* SwiftLeedsWidgetEntry.swift */ = {isa = PBXFileReference; lastKnownFileType = sourcecode.swift; path = SwiftLeedsWidgetEntry.swift; sourceTree = "<group>"; };
		74B14FB328CE2245004C0A40 /* SwiftLeedsWidgetEntryView.swift */ = {isa = PBXFileReference; lastKnownFileType = sourcecode.swift; path = SwiftLeedsWidgetEntryView.swift; sourceTree = "<group>"; };
		74E62F7128CA98EA004422F9 /* SwiftLeedsSmallWidgetView.swift */ = {isa = PBXFileReference; lastKnownFileType = sourcecode.swift; path = SwiftLeedsSmallWidgetView.swift; sourceTree = "<group>"; };
		74E62F7328CAAB30004422F9 /* SwiftLeedsMediumWidgetView.swift */ = {isa = PBXFileReference; lastKnownFileType = sourcecode.swift; path = SwiftLeedsMediumWidgetView.swift; sourceTree = "<group>"; };
		AE1C800F289E9F3800996659 /* String.swift */ = {isa = PBXFileReference; lastKnownFileType = sourcecode.swift; path = String.swift; sourceTree = "<group>"; };
		AE1C801328A7BCD000996659 /* Settings.bundle */ = {isa = PBXFileReference; lastKnownFileType = "wrapper.plug-in"; path = Settings.bundle; sourceTree = "<group>"; };
		AE32CDEF286CCF9D00DF0AFF /* Constants.swift */ = {isa = PBXFileReference; lastKnownFileType = sourcecode.swift; path = Constants.swift; sourceTree = "<group>"; };
		AE5EFD74289E7CBF00464FE1 /* ActivityView.swift */ = {isa = PBXFileReference; lastKnownFileType = sourcecode.swift; path = ActivityView.swift; sourceTree = "<group>"; };
		AE8C1B2128BFCF4700AF7318 /* Activity.swift */ = {isa = PBXFileReference; lastKnownFileType = sourcecode.swift; path = Activity.swift; sourceTree = "<group>"; };
		AE8C1B2328BFCFC700AF7318 /* Presentation.swift */ = {isa = PBXFileReference; lastKnownFileType = sourcecode.swift; path = Presentation.swift; sourceTree = "<group>"; };
		AE8C1B2528BFCFE700AF7318 /* Speaker.swift */ = {isa = PBXFileReference; lastKnownFileType = sourcecode.swift; path = Speaker.swift; sourceTree = "<group>"; };
		AE8C1B2728C4B36B00AF7318 /* AppDelegate+Push.swift */ = {isa = PBXFileReference; lastKnownFileType = sourcecode.swift; path = "AppDelegate+Push.swift"; sourceTree = "<group>"; };
		AE8C1B2A28C4B39A00AF7318 /* TokenDetails.swift */ = {isa = PBXFileReference; lastKnownFileType = sourcecode.swift; path = TokenDetails.swift; sourceTree = "<group>"; };
		AE8C1B2C28C4B8D800AF7318 /* SwiftLeeds.entitlements */ = {isa = PBXFileReference; lastKnownFileType = text.plist.entitlements; path = SwiftLeeds.entitlements; sourceTree = "<group>"; };
		AEB06BD028CF8D2100E51967 /* WebView.swift */ = {isa = PBXFileReference; lastKnownFileType = sourcecode.swift; path = WebView.swift; sourceTree = "<group>"; };
		AECB295327417F9D00CDC983 /* SwiftLeeds.app */ = {isa = PBXFileReference; explicitFileType = wrapper.application; includeInIndex = 0; path = SwiftLeeds.app; sourceTree = BUILT_PRODUCTS_DIR; };
		AECB295627417F9D00CDC983 /* SwiftLeedsApp.swift */ = {isa = PBXFileReference; lastKnownFileType = sourcecode.swift; path = SwiftLeedsApp.swift; sourceTree = "<group>"; };
		AECB295827417F9D00CDC983 /* MyConferenceView.swift */ = {isa = PBXFileReference; lastKnownFileType = sourcecode.swift; path = MyConferenceView.swift; sourceTree = "<group>"; };
		AECB295A27417F9E00CDC983 /* Assets.xcassets */ = {isa = PBXFileReference; lastKnownFileType = folder.assetcatalog; path = Assets.xcassets; sourceTree = "<group>"; };
		AECB295D27417F9E00CDC983 /* Preview Assets.xcassets */ = {isa = PBXFileReference; lastKnownFileType = folder.assetcatalog; path = "Preview Assets.xcassets"; sourceTree = "<group>"; };
		AECB296327417F9E00CDC983 /* SwiftLeedsTests.xctest */ = {isa = PBXFileReference; explicitFileType = wrapper.cfbundle; includeInIndex = 0; path = SwiftLeedsTests.xctest; sourceTree = BUILT_PRODUCTS_DIR; };
		AECB296727417F9E00CDC983 /* SwiftLeedsTests.swift */ = {isa = PBXFileReference; lastKnownFileType = sourcecode.swift; path = SwiftLeedsTests.swift; sourceTree = "<group>"; };
		AECB296D27417F9E00CDC983 /* SwiftLeedsUITests.xctest */ = {isa = PBXFileReference; explicitFileType = wrapper.cfbundle; includeInIndex = 0; path = SwiftLeedsUITests.xctest; sourceTree = BUILT_PRODUCTS_DIR; };
		AECB297127417F9E00CDC983 /* SwiftLeedsUITests.swift */ = {isa = PBXFileReference; lastKnownFileType = sourcecode.swift; path = SwiftLeedsUITests.swift; sourceTree = "<group>"; };
		AECB297327417F9E00CDC983 /* SwiftLeedsUITestsLaunchTests.swift */ = {isa = PBXFileReference; lastKnownFileType = sourcecode.swift; path = SwiftLeedsUITestsLaunchTests.swift; sourceTree = "<group>"; };
		AECB298127418DA200CDC983 /* Color.swift */ = {isa = PBXFileReference; lastKnownFileType = sourcecode.swift; path = Color.swift; sourceTree = "<group>"; };
		AECB29832741ABFD00CDC983 /* Info.plist */ = {isa = PBXFileReference; lastKnownFileType = text.plist.xml; path = Info.plist; sourceTree = "<group>"; };
		AECB29872741ACE000CDC983 /* Colors.xcassets */ = {isa = PBXFileReference; lastKnownFileType = folder.assetcatalog; path = Colors.xcassets; sourceTree = "<group>"; };
		AED26F6F28675DA000E06064 /* AnnouncementCell.swift */ = {isa = PBXFileReference; lastKnownFileType = sourcecode.swift; path = AnnouncementCell.swift; sourceTree = "<group>"; };
		AED26F73286764F000E06064 /* TalkCell.swift */ = {isa = PBXFileReference; lastKnownFileType = sourcecode.swift; path = TalkCell.swift; sourceTree = "<group>"; };
		AED26F7728676A9900E06064 /* AboutView.swift */ = {isa = PBXFileReference; lastKnownFileType = sourcecode.swift; path = AboutView.swift; sourceTree = "<group>"; };
		AED26F7928676AA300E06064 /* LocalView.swift */ = {isa = PBXFileReference; lastKnownFileType = sourcecode.swift; path = LocalView.swift; sourceTree = "<group>"; };
		AEDC0DAD286759630078A153 /* Tabs.swift */ = {isa = PBXFileReference; lastKnownFileType = sourcecode.swift; path = Tabs.swift; sourceTree = "<group>"; };
		AEDC22522898281300746247 /* MyConferenceViewModel.swift */ = {isa = PBXFileReference; lastKnownFileType = sourcecode.swift; path = MyConferenceViewModel.swift; sourceTree = "<group>"; };
		AEDC22542898288F00746247 /* Schedule.swift */ = {isa = PBXFileReference; lastKnownFileType = sourcecode.swift; path = Schedule.swift; sourceTree = "<group>"; };
		AEDC2256289C65D500746247 /* Calendar.swift */ = {isa = PBXFileReference; lastKnownFileType = sourcecode.swift; path = Calendar.swift; sourceTree = "<group>"; };
		FA1F7EF6287CB71600E12F8C /* HeaderView.swift */ = {isa = PBXFileReference; lastKnownFileType = sourcecode.swift; path = HeaderView.swift; sourceTree = "<group>"; };
		FA534D7E28A1905000A3BFBB /* Environment.swift */ = {isa = PBXFileReference; lastKnownFileType = sourcecode.swift; path = Environment.swift; sourceTree = "<group>"; };
		FA534D8128A1909300A3BFBB /* Local.swift */ = {isa = PBXFileReference; lastKnownFileType = sourcecode.swift; path = Local.swift; sourceTree = "<group>"; };
		FA534D8528A1917C00A3BFBB /* Environment+Network.swift */ = {isa = PBXFileReference; lastKnownFileType = sourcecode.swift; path = "Environment+Network.swift"; sourceTree = "<group>"; };
		FA534D8728A1939500A3BFBB /* LocalViewModel.swift */ = {isa = PBXFileReference; lastKnownFileType = sourcecode.swift; path = LocalViewModel.swift; sourceTree = "<group>"; };
		FA57DE432875B06500911F03 /* CommonTileButton.swift */ = {isa = PBXFileReference; fileEncoding = 4; lastKnownFileType = sourcecode.swift; path = CommonTileButton.swift; sourceTree = "<group>"; };
		FA57DE442875B06500911F03 /* CommonTileView.swift */ = {isa = PBXFileReference; fileEncoding = 4; lastKnownFileType = sourcecode.swift; path = CommonTileView.swift; sourceTree = "<group>"; };
		FA57DE452875B06500911F03 /* StackedTileView.swift */ = {isa = PBXFileReference; fileEncoding = 4; lastKnownFileType = sourcecode.swift; path = StackedTileView.swift; sourceTree = "<group>"; };
		FA57DE4A2875B06B00911F03 /* SwiftLeedsContainer.swift */ = {isa = PBXFileReference; fileEncoding = 4; lastKnownFileType = sourcecode.swift; path = SwiftLeedsContainer.swift; sourceTree = "<group>"; };
		FA57DE4C2875B08600911F03 /* LinearGradient.swift */ = {isa = PBXFileReference; fileEncoding = 4; lastKnownFileType = sourcecode.swift; path = LinearGradient.swift; sourceTree = "<group>"; };
		FA57DE4E2875B09900911F03 /* ContentTileView.swift */ = {isa = PBXFileReference; fileEncoding = 4; lastKnownFileType = sourcecode.swift; path = ContentTileView.swift; sourceTree = "<group>"; };
		FA57DE4F2875B09900911F03 /* SponsorGridView.swift */ = {isa = PBXFileReference; fileEncoding = 4; lastKnownFileType = sourcecode.swift; path = SponsorGridView.swift; sourceTree = "<group>"; };
		FA57DE542875B0C100911F03 /* SquishyButtonStyle.swift */ = {isa = PBXFileReference; fileEncoding = 4; lastKnownFileType = sourcecode.swift; path = SquishyButtonStyle.swift; sourceTree = "<group>"; };
		FA57DE582875B0EF00911F03 /* Sponsor.swift */ = {isa = PBXFileReference; fileEncoding = 4; lastKnownFileType = sourcecode.swift; path = Sponsor.swift; sourceTree = "<group>"; };
		FAAB819028844EBC001159BB /* View+MeasureSize.swift */ = {isa = PBXFileReference; lastKnownFileType = sourcecode.swift; path = "View+MeasureSize.swift"; sourceTree = "<group>"; };
		FAF74ED9288B415900A0926C /* NetworkKit */ = {isa = PBXFileReference; lastKnownFileType = wrapper; path = NetworkKit; sourceTree = "<group>"; };
		FAFDC5E228A51CEB000B840C /* Endpoints.swift */ = {isa = PBXFileReference; lastKnownFileType = sourcecode.swift; path = Endpoints.swift; sourceTree = "<group>"; };
/* End PBXFileReference section */

/* Begin PBXFrameworksBuildPhase section */
		74A09FDA28C6778C00E03F39 /* Frameworks */ = {
			isa = PBXFrameworksBuildPhase;
			buildActionMask = 2147483647;
			files = (
				74A09FE128C6778C00E03F39 /* SwiftUI.framework in Frameworks */,
				74A09FDF28C6778C00E03F39 /* WidgetKit.framework in Frameworks */,
			);
			runOnlyForDeploymentPostprocessing = 0;
		};
		AECB295027417F9D00CDC983 /* Frameworks */ = {
			isa = PBXFrameworksBuildPhase;
			buildActionMask = 2147483647;
			files = (
				FAF74EDC288B44BE00A0926C /* NetworkKit in Frameworks */,
				AE5EFD73289DC1D000464FE1 /* CachedAsyncImage in Frameworks */,
			);
			runOnlyForDeploymentPostprocessing = 0;
		};
		AECB296027417F9E00CDC983 /* Frameworks */ = {
			isa = PBXFrameworksBuildPhase;
			buildActionMask = 2147483647;
			files = (
			);
			runOnlyForDeploymentPostprocessing = 0;
		};
		AECB296A27417F9E00CDC983 /* Frameworks */ = {
			isa = PBXFrameworksBuildPhase;
			buildActionMask = 2147483647;
			files = (
			);
			runOnlyForDeploymentPostprocessing = 0;
		};
/* End PBXFrameworksBuildPhase section */

/* Begin PBXGroup section */
		74A09FE228C6778C00E03F39 /* SwiftLeedsWidget */ = {
			isa = PBXGroup;
			children = (
				74B14FAE28CE13E4004C0A40 /* WidgetSetup */,
				74E62F7328CAAB30004422F9 /* SwiftLeedsMediumWidgetView.swift */,
				74E62F7128CA98EA004422F9 /* SwiftLeedsSmallWidgetView.swift */,
				74B14FB328CE2245004C0A40 /* SwiftLeedsWidgetEntryView.swift */,
				74A09FE328C6778C00E03F39 /* SwiftLeedsWidget.swift */,
				74A09FE528C6779300E03F39 /* Assets.xcassets */,
				74A09FE728C6779300E03F39 /* Info.plist */,
			);
			path = SwiftLeedsWidget;
			sourceTree = "<group>";
		};
		74B14FAE28CE13E4004C0A40 /* WidgetSetup */ = {
			isa = PBXGroup;
			children = (
				74B14FAF28CE21D7004C0A40 /* TimeineProvider.swift */,
				74B14FB128CE2221004C0A40 /* SwiftLeedsWidgetEntry.swift */,
				7406572828E240720087F44F /* WidgetConstants.swift */,
			);
			path = WidgetSetup;
			sourceTree = "<group>";
		};
		AE8C1B2928C4B38400AF7318 /* Push */ = {
			isa = PBXGroup;
			children = (
				AE8C1B2728C4B36B00AF7318 /* AppDelegate+Push.swift */,
				AE8C1B2A28C4B39A00AF7318 /* TokenDetails.swift */,
			);
			path = Push;
			sourceTree = "<group>";
		};
		AECB294A27417F9D00CDC983 = {
			isa = PBXGroup;
			children = (
				74B14FAD28CB22B4004C0A40 /* SwiftLeedsWidgetExtension.entitlements */,
				FAF74ED8288B413100A0926C /* Packages */,
				AECB295527417F9D00CDC983 /* SwiftLeeds */,
				AE1C801328A7BCD000996659 /* Settings.bundle */,
				AECB296627417F9E00CDC983 /* SwiftLeedsTests */,
				AECB297027417F9E00CDC983 /* SwiftLeedsUITests */,
				74A09FE228C6778C00E03F39 /* SwiftLeedsWidget */,
				AECB295427417F9D00CDC983 /* Products */,
				FA57DE402875B01900911F03 /* Recovered References */,
				FAF74EDA288B44BE00A0926C /* Frameworks */,
			);
			sourceTree = "<group>";
		};
		AECB295427417F9D00CDC983 /* Products */ = {
			isa = PBXGroup;
			children = (
				AECB295327417F9D00CDC983 /* SwiftLeeds.app */,
				AECB296327417F9E00CDC983 /* SwiftLeedsTests.xctest */,
				AECB296D27417F9E00CDC983 /* SwiftLeedsUITests.xctest */,
				74A09FDD28C6778C00E03F39 /* SwiftLeedsWidgetExtension.appex */,
			);
			name = Products;
			sourceTree = "<group>";
		};
		AECB295527417F9D00CDC983 /* SwiftLeeds */ = {
			isa = PBXGroup;
			children = (
				AE8C1B2C28C4B8D800AF7318 /* SwiftLeeds.entitlements */,
				AECB29862741AC5800CDC983 /* App */,
				FA57DE562875B0DC00911F03 /* Data */,
				AECB298027418D9800CDC983 /* Extension */,
				FAF74EDD288B44E200A0926C /* Network */,
				AECB295C27417F9E00CDC983 /* Preview Content */,
				AE8C1B2928C4B38400AF7318 /* Push */,
				AECB29842741AC2500CDC983 /* Resources */,
				FA57DE532875B0B500911F03 /* Style */,
				AECB29852741AC4B00CDC983 /* Views */,
			);
			path = SwiftLeeds;
			sourceTree = "<group>";
		};
		AECB295C27417F9E00CDC983 /* Preview Content */ = {
			isa = PBXGroup;
			children = (
				AECB295D27417F9E00CDC983 /* Preview Assets.xcassets */,
			);
			path = "Preview Content";
			sourceTree = "<group>";
		};
		AECB296627417F9E00CDC983 /* SwiftLeedsTests */ = {
			isa = PBXGroup;
			children = (
				AECB296727417F9E00CDC983 /* SwiftLeedsTests.swift */,
			);
			path = SwiftLeedsTests;
			sourceTree = "<group>";
		};
		AECB297027417F9E00CDC983 /* SwiftLeedsUITests */ = {
			isa = PBXGroup;
			children = (
				AECB297127417F9E00CDC983 /* SwiftLeedsUITests.swift */,
				AECB297327417F9E00CDC983 /* SwiftLeedsUITestsLaunchTests.swift */,
			);
			path = SwiftLeedsUITests;
			sourceTree = "<group>";
		};
		AECB298027418D9800CDC983 /* Extension */ = {
			isa = PBXGroup;
			children = (
				AEDC2256289C65D500746247 /* Calendar.swift */,
				AECB298127418DA200CDC983 /* Color.swift */,
				FA57DE4C2875B08600911F03 /* LinearGradient.swift */,
				AE1C800F289E9F3800996659 /* String.swift */,
				FAAB819028844EBC001159BB /* View+MeasureSize.swift */,
				FA534D8528A1917C00A3BFBB /* Environment+Network.swift */,
			);
			path = Extension;
			sourceTree = "<group>";
		};
		AECB29842741AC2500CDC983 /* Resources */ = {
			isa = PBXGroup;
			children = (
				AECB295A27417F9E00CDC983 /* Assets.xcassets */,
				AECB29872741ACE000CDC983 /* Colors.xcassets */,
			);
			path = Resources;
			sourceTree = "<group>";
		};
		AECB29852741AC4B00CDC983 /* Views */ = {
			isa = PBXGroup;
			children = (
				AED26F7628676A9200E06064 /* About */,
				FA57DE422875B03B00911F03 /* Components */,
				FA57DE412875B03800911F03 /* Common */,
				AED26F7528676A8E00E06064 /* Local */,
				AEDC0DAF28675D060078A153 /* My Conference */,
				AEDC0DAC286759570078A153 /* Tab */,
			);
			path = Views;
			sourceTree = "<group>";
		};
		AECB29862741AC5800CDC983 /* App */ = {
			isa = PBXGroup;
			children = (
				AE32CDEF286CCF9D00DF0AFF /* Constants.swift */,
				AECB29832741ABFD00CDC983 /* Info.plist */,
				AECB295627417F9D00CDC983 /* SwiftLeedsApp.swift */,
			);
			path = App;
			sourceTree = "<group>";
		};
		AED26F7528676A8E00E06064 /* Local */ = {
			isa = PBXGroup;
			children = (
				39345FD9288F17EE0031BCFF /* BottomSheetView.swift */,
				39ED0033288F113500AB337A /* LocalCell.swift */,
				AED26F7928676AA300E06064 /* LocalView.swift */,
				FA534D8728A1939500A3BFBB /* LocalViewModel.swift */,
			);
			path = Local;
			sourceTree = "<group>";
		};
		AED26F7628676A9200E06064 /* About */ = {
			isa = PBXGroup;
			children = (
				AED26F7728676A9900E06064 /* AboutView.swift */,
				39029E0128883851006BC6EE /* ContributorsView.swift */,
				FA57DE4F2875B09900911F03 /* SponsorGridView.swift */,
			);
			path = About;
			sourceTree = "<group>";
		};
		AEDC0DAC286759570078A153 /* Tab */ = {
			isa = PBXGroup;
			children = (
				AEDC0DAD286759630078A153 /* Tabs.swift */,
			);
			path = Tab;
			sourceTree = "<group>";
		};
		AEDC0DAF28675D060078A153 /* My Conference */ = {
			isa = PBXGroup;
			children = (
				AE5EFD74289E7CBF00464FE1 /* ActivityView.swift */,
				AED26F6F28675DA000E06064 /* AnnouncementCell.swift */,
				AECB295827417F9D00CDC983 /* MyConferenceView.swift */,
				AEDC22522898281300746247 /* MyConferenceViewModel.swift */,
				394653AA288BB7C800212E1C /* SpeakerView.swift */,
				AED26F73286764F000E06064 /* TalkCell.swift */,
			);
			path = "My Conference";
			sourceTree = "<group>";
		};
		FA57DE402875B01900911F03 /* Recovered References */ = {
			isa = PBXGroup;
			children = (
			);
			name = "Recovered References";
			sourceTree = "<group>";
		};
		FA57DE412875B03800911F03 /* Common */ = {
			isa = PBXGroup;
			children = (
				394653A8288BB47A00212E1C /* SectionHeader.swift */,
				FA57DE4A2875B06B00911F03 /* SwiftLeedsContainer.swift */,
			);
			path = Common;
			sourceTree = "<group>";
		};
		FA57DE422875B03B00911F03 /* Components */ = {
			isa = PBXGroup;
			children = (
				2A3831112884A96600030002 /* FancyHeaderView.swift */,
				FA57DE432875B06500911F03 /* CommonTileButton.swift */,
				FA57DE442875B06500911F03 /* CommonTileView.swift */,
				FA57DE4E2875B09900911F03 /* ContentTileView.swift */,
				FA1F7EF6287CB71600E12F8C /* HeaderView.swift */,
				FA57DE452875B06500911F03 /* StackedTileView.swift */,
				AEB06BD028CF8D2100E51967 /* WebView.swift */,
			);
			path = Components;
			sourceTree = "<group>";
		};
		FA57DE532875B0B500911F03 /* Style */ = {
			isa = PBXGroup;
			children = (
				FA57DE542875B0C100911F03 /* SquishyButtonStyle.swift */,
			);
			path = Style;
			sourceTree = "<group>";
		};
		FA57DE562875B0DC00911F03 /* Data */ = {
			isa = PBXGroup;
			children = (
				FA57DE572875B0E300911F03 /* Model */,
			);
			path = Data;
			sourceTree = "<group>";
		};
		FA57DE572875B0E300911F03 /* Model */ = {
			isa = PBXGroup;
			children = (
				AE8C1B2128BFCF4700AF7318 /* Activity.swift */,
				39029E0328883DFE006BC6EE /* Contributor.swift */,
				FA534D8128A1909300A3BFBB /* Local.swift */,
				AE8C1B2328BFCFC700AF7318 /* Presentation.swift */,
				AEDC22542898288F00746247 /* Schedule.swift */,
				AE8C1B2528BFCFE700AF7318 /* Speaker.swift */,
				FA57DE582875B0EF00911F03 /* Sponsor.swift */,
			);
			path = Model;
			sourceTree = "<group>";
		};
		FAF74ED8288B413100A0926C /* Packages */ = {
			isa = PBXGroup;
			children = (
				FAF74ED9288B415900A0926C /* NetworkKit */,
			);
			path = Packages;
			sourceTree = "<group>";
		};
		FAF74EDA288B44BE00A0926C /* Frameworks */ = {
			isa = PBXGroup;
			children = (
				74A09FDE28C6778C00E03F39 /* WidgetKit.framework */,
				74A09FE028C6778C00E03F39 /* SwiftUI.framework */,
			);
			name = Frameworks;
			sourceTree = "<group>";
		};
		FAF74EDD288B44E200A0926C /* Network */ = {
			isa = PBXGroup;
			children = (
				FA534D7E28A1905000A3BFBB /* Environment.swift */,
				FAFDC5E228A51CEB000B840C /* Endpoints.swift */,
			);
			path = Network;
			sourceTree = "<group>";
		};
/* End PBXGroup section */

/* Begin PBXNativeTarget section */
		74A09FDC28C6778C00E03F39 /* SwiftLeedsWidgetExtension */ = {
			isa = PBXNativeTarget;
			buildConfigurationList = 74A09FEE28C6779300E03F39 /* Build configuration list for PBXNativeTarget "SwiftLeedsWidgetExtension" */;
			buildPhases = (
				74A09FD928C6778C00E03F39 /* Sources */,
				74A09FDA28C6778C00E03F39 /* Frameworks */,
				74A09FDB28C6778C00E03F39 /* Resources */,
			);
			buildRules = (
			);
			dependencies = (
			);
			name = SwiftLeedsWidgetExtension;
			productName = SwiftLeedsWidgetExtension;
			productReference = 74A09FDD28C6778C00E03F39 /* SwiftLeedsWidgetExtension.appex */;
			productType = "com.apple.product-type.app-extension";
		};
		AECB295227417F9D00CDC983 /* SwiftLeeds */ = {
			isa = PBXNativeTarget;
			buildConfigurationList = AECB297727417F9E00CDC983 /* Build configuration list for PBXNativeTarget "SwiftLeeds" */;
			buildPhases = (
				AECB294F27417F9D00CDC983 /* Sources */,
				AECB295027417F9D00CDC983 /* Frameworks */,
				AECB295127417F9D00CDC983 /* Resources */,
				74A09FEB28C6779300E03F39 /* Embed App Extensions */,
			);
			buildRules = (
			);
			dependencies = (
				74A09FE928C6779300E03F39 /* PBXTargetDependency */,
			);
			name = SwiftLeeds;
			packageProductDependencies = (
				FAF74EDB288B44BE00A0926C /* NetworkKit */,
				AE5EFD72289DC1D000464FE1 /* CachedAsyncImage */,
			);
			productName = SwiftLeeds;
			productReference = AECB295327417F9D00CDC983 /* SwiftLeeds.app */;
			productType = "com.apple.product-type.application";
		};
		AECB296227417F9E00CDC983 /* SwiftLeedsTests */ = {
			isa = PBXNativeTarget;
			buildConfigurationList = AECB297A27417F9E00CDC983 /* Build configuration list for PBXNativeTarget "SwiftLeedsTests" */;
			buildPhases = (
				AECB295F27417F9E00CDC983 /* Sources */,
				AECB296027417F9E00CDC983 /* Frameworks */,
				AECB296127417F9E00CDC983 /* Resources */,
			);
			buildRules = (
			);
			dependencies = (
				AECB296527417F9E00CDC983 /* PBXTargetDependency */,
			);
			name = SwiftLeedsTests;
			productName = SwiftLeedsTests;
			productReference = AECB296327417F9E00CDC983 /* SwiftLeedsTests.xctest */;
			productType = "com.apple.product-type.bundle.unit-test";
		};
		AECB296C27417F9E00CDC983 /* SwiftLeedsUITests */ = {
			isa = PBXNativeTarget;
			buildConfigurationList = AECB297D27417F9E00CDC983 /* Build configuration list for PBXNativeTarget "SwiftLeedsUITests" */;
			buildPhases = (
				AECB296927417F9E00CDC983 /* Sources */,
				AECB296A27417F9E00CDC983 /* Frameworks */,
				AECB296B27417F9E00CDC983 /* Resources */,
			);
			buildRules = (
			);
			dependencies = (
				AECB296F27417F9E00CDC983 /* PBXTargetDependency */,
			);
			name = SwiftLeedsUITests;
			productName = SwiftLeedsUITests;
			productReference = AECB296D27417F9E00CDC983 /* SwiftLeedsUITests.xctest */;
			productType = "com.apple.product-type.bundle.ui-testing";
		};
/* End PBXNativeTarget section */

/* Begin PBXProject section */
		AECB294B27417F9D00CDC983 /* Project object */ = {
			isa = PBXProject;
			attributes = {
				BuildIndependentTargetsInParallel = 1;
				LastSwiftUpdateCheck = 1340;
				LastUpgradeCheck = 1310;
				TargetAttributes = {
					74A09FDC28C6778C00E03F39 = {
						CreatedOnToolsVersion = 13.4.1;
					};
					AECB295227417F9D00CDC983 = {
						CreatedOnToolsVersion = 13.1;
					};
					AECB296227417F9E00CDC983 = {
						CreatedOnToolsVersion = 13.1;
						TestTargetID = AECB295227417F9D00CDC983;
					};
					AECB296C27417F9E00CDC983 = {
						CreatedOnToolsVersion = 13.1;
						TestTargetID = AECB295227417F9D00CDC983;
					};
				};
			};
			buildConfigurationList = AECB294E27417F9D00CDC983 /* Build configuration list for PBXProject "SwiftLeeds" */;
			compatibilityVersion = "Xcode 13.0";
			developmentRegion = en;
			hasScannedForEncodings = 0;
			knownRegions = (
				en,
				Base,
			);
			mainGroup = AECB294A27417F9D00CDC983;
			packageReferences = (
				AE5EFD71289DC1D000464FE1 /* XCRemoteSwiftPackageReference "swiftui-cached-async-image" */,
			);
			productRefGroup = AECB295427417F9D00CDC983 /* Products */;
			projectDirPath = "";
			projectRoot = "";
			targets = (
				AECB295227417F9D00CDC983 /* SwiftLeeds */,
				AECB296227417F9E00CDC983 /* SwiftLeedsTests */,
				AECB296C27417F9E00CDC983 /* SwiftLeedsUITests */,
				74A09FDC28C6778C00E03F39 /* SwiftLeedsWidgetExtension */,
			);
		};
/* End PBXProject section */

/* Begin PBXResourcesBuildPhase section */
		74A09FDB28C6778C00E03F39 /* Resources */ = {
			isa = PBXResourcesBuildPhase;
			buildActionMask = 2147483647;
			files = (
				74A09FF128C688E700E03F39 /* Colors.xcassets in Resources */,
				74A09FF028C688E700E03F39 /* Assets.xcassets in Resources */,
				74A09FE628C6779300E03F39 /* Assets.xcassets in Resources */,
			);
			runOnlyForDeploymentPostprocessing = 0;
		};
		AECB295127417F9D00CDC983 /* Resources */ = {
			isa = PBXResourcesBuildPhase;
			buildActionMask = 2147483647;
			files = (
				AE1C801428A7BCD000996659 /* Settings.bundle in Resources */,
				AECB29882741ACE000CDC983 /* Colors.xcassets in Resources */,
				AECB295E27417F9E00CDC983 /* Preview Assets.xcassets in Resources */,
				AECB295B27417F9E00CDC983 /* Assets.xcassets in Resources */,
			);
			runOnlyForDeploymentPostprocessing = 0;
		};
		AECB296127417F9E00CDC983 /* Resources */ = {
			isa = PBXResourcesBuildPhase;
			buildActionMask = 2147483647;
			files = (
			);
			runOnlyForDeploymentPostprocessing = 0;
		};
		AECB296B27417F9E00CDC983 /* Resources */ = {
			isa = PBXResourcesBuildPhase;
			buildActionMask = 2147483647;
			files = (
			);
			runOnlyForDeploymentPostprocessing = 0;
		};
/* End PBXResourcesBuildPhase section */

/* Begin PBXSourcesBuildPhase section */
		74A09FD928C6778C00E03F39 /* Sources */ = {
			isa = PBXSourcesBuildPhase;
			buildActionMask = 2147483647;
			files = (
				74A09FE428C6778C00E03F39 /* SwiftLeedsWidget.swift in Sources */,
				74A09FEF28C6794900E03F39 /* Contributor.swift in Sources */,
				74E62F7928CADBE6004422F9 /* Presentation.swift in Sources */,
				74E62F7428CAAB30004422F9 /* SwiftLeedsMediumWidgetView.swift in Sources */,
				74E62F7228CA98EA004422F9 /* SwiftLeedsSmallWidgetView.swift in Sources */,
				7406572928E240720087F44F /* WidgetConstants.swift in Sources */,
				74A09FF228C689AB00E03F39 /* Color.swift in Sources */,
				74B14FB028CE21D7004C0A40 /* TimeineProvider.swift in Sources */,
				74E62F7828CADBE0004422F9 /* Activity.swift in Sources */,
				74E62F7A28CAE4DF004422F9 /* Speaker.swift in Sources */,
				74E62F7728CADBD8004422F9 /* Schedule.swift in Sources */,
				74B14FB228CE2221004C0A40 /* SwiftLeedsWidgetEntry.swift in Sources */,
				74E62F7028CA68D2004422F9 /* Constants.swift in Sources */,
				74B14FB428CE2245004C0A40 /* SwiftLeedsWidgetEntryView.swift in Sources */,
				7406572728E2304E0087F44F /* Calendar.swift in Sources */,
			);
			runOnlyForDeploymentPostprocessing = 0;
		};
		AECB294F27417F9D00CDC983 /* Sources */ = {
			isa = PBXSourcesBuildPhase;
			buildActionMask = 2147483647;
			files = (
				AEDC22532898281300746247 /* MyConferenceViewModel.swift in Sources */,
				AED26F7828676A9900E06064 /* AboutView.swift in Sources */,
				FA57DE502875B09900911F03 /* ContentTileView.swift in Sources */,
				394653AB288BB7C800212E1C /* SpeakerView.swift in Sources */,
				FA57DE4D2875B08600911F03 /* LinearGradient.swift in Sources */,
				394653A9288BB47A00212E1C /* SectionHeader.swift in Sources */,
				FA57DE552875B0C100911F03 /* SquishyButtonStyle.swift in Sources */,
				FA534D7F28A1905000A3BFBB /* Environment.swift in Sources */,
				AED26F7A28676AA300E06064 /* LocalView.swift in Sources */,
				39ED0034288F113500AB337A /* LocalCell.swift in Sources */,
				AEDC22552898288F00746247 /* Schedule.swift in Sources */,
				AED26F74286764F000E06064 /* TalkCell.swift in Sources */,
				FA1F7EF7287CB71600E12F8C /* HeaderView.swift in Sources */,
				AE1C8010289E9F3800996659 /* String.swift in Sources */,
				FA57DE512875B09900911F03 /* SponsorGridView.swift in Sources */,
				AECB295927417F9D00CDC983 /* MyConferenceView.swift in Sources */,
				AE8C1B2428BFCFC700AF7318 /* Presentation.swift in Sources */,
				2A3831122884A96600030002 /* FancyHeaderView.swift in Sources */,
				FA57DE4B2875B06B00911F03 /* SwiftLeedsContainer.swift in Sources */,
				FAAB819128844EBC001159BB /* View+MeasureSize.swift in Sources */,
				AECB298227418DA200CDC983 /* Color.swift in Sources */,
				FA534D8828A1939500A3BFBB /* LocalViewModel.swift in Sources */,
				AE5EFD75289E7CBF00464FE1 /* ActivityView.swift in Sources */,
				AED26F7028675DA000E06064 /* AnnouncementCell.swift in Sources */,
				AEB06BD128CF8D2100E51967 /* WebView.swift in Sources */,
				AE8C1B2828C4B36B00AF7318 /* AppDelegate+Push.swift in Sources */,
				AECB295727417F9D00CDC983 /* SwiftLeedsApp.swift in Sources */,
				AE8C1B2B28C4B39A00AF7318 /* TokenDetails.swift in Sources */,
				FA57DE592875B0EF00911F03 /* Sponsor.swift in Sources */,
				AEDC0DAE286759630078A153 /* Tabs.swift in Sources */,
				AE8C1B2628BFCFE700AF7318 /* Speaker.swift in Sources */,
				39029E0228883851006BC6EE /* ContributorsView.swift in Sources */,
				FAFDC5E328A51CEB000B840C /* Endpoints.swift in Sources */,
				AE8C1B2228BFCF4700AF7318 /* Activity.swift in Sources */,
				FA57DE482875B06500911F03 /* StackedTileView.swift in Sources */,
				FA534D8228A1909300A3BFBB /* Local.swift in Sources */,
				AE32CDF0286CCF9D00DF0AFF /* Constants.swift in Sources */,
				FA57DE472875B06500911F03 /* CommonTileView.swift in Sources */,
				FA57DE462875B06500911F03 /* CommonTileButton.swift in Sources */,
				39345FDA288F17EE0031BCFF /* BottomSheetView.swift in Sources */,
				39029E0428883DFE006BC6EE /* Contributor.swift in Sources */,
				FA534D8628A1917C00A3BFBB /* Environment+Network.swift in Sources */,
				AEDC2257289C65D500746247 /* Calendar.swift in Sources */,
			);
			runOnlyForDeploymentPostprocessing = 0;
		};
		AECB295F27417F9E00CDC983 /* Sources */ = {
			isa = PBXSourcesBuildPhase;
			buildActionMask = 2147483647;
			files = (
				AECB296827417F9E00CDC983 /* SwiftLeedsTests.swift in Sources */,
			);
			runOnlyForDeploymentPostprocessing = 0;
		};
		AECB296927417F9E00CDC983 /* Sources */ = {
			isa = PBXSourcesBuildPhase;
			buildActionMask = 2147483647;
			files = (
				AECB297427417F9E00CDC983 /* SwiftLeedsUITestsLaunchTests.swift in Sources */,
				AECB297227417F9E00CDC983 /* SwiftLeedsUITests.swift in Sources */,
			);
			runOnlyForDeploymentPostprocessing = 0;
		};
/* End PBXSourcesBuildPhase section */

/* Begin PBXTargetDependency section */
		74A09FE928C6779300E03F39 /* PBXTargetDependency */ = {
			isa = PBXTargetDependency;
			target = 74A09FDC28C6778C00E03F39 /* SwiftLeedsWidgetExtension */;
			targetProxy = 74A09FE828C6779300E03F39 /* PBXContainerItemProxy */;
		};
		AECB296527417F9E00CDC983 /* PBXTargetDependency */ = {
			isa = PBXTargetDependency;
			target = AECB295227417F9D00CDC983 /* SwiftLeeds */;
			targetProxy = AECB296427417F9E00CDC983 /* PBXContainerItemProxy */;
		};
		AECB296F27417F9E00CDC983 /* PBXTargetDependency */ = {
			isa = PBXTargetDependency;
			target = AECB295227417F9D00CDC983 /* SwiftLeeds */;
			targetProxy = AECB296E27417F9E00CDC983 /* PBXContainerItemProxy */;
		};
/* End PBXTargetDependency section */

/* Begin XCBuildConfiguration section */
		74A09FEC28C6779300E03F39 /* Debug */ = {
			isa = XCBuildConfiguration;
			buildSettings = {
				ASSETCATALOG_COMPILER_GLOBAL_ACCENT_COLOR_NAME = AccentColor;
				ASSETCATALOG_COMPILER_WIDGET_BACKGROUND_COLOR_NAME = WidgetBackground;
				CODE_SIGN_ENTITLEMENTS = SwiftLeedsWidgetExtension.entitlements;
				CODE_SIGN_IDENTITY = "Apple Development";
				CODE_SIGN_STYLE = Automatic;
				CURRENT_PROJECT_VERSION = 1;
				DEVELOPMENT_TEAM = K33K6V7FBA;
				GENERATE_INFOPLIST_FILE = YES;
				INFOPLIST_FILE = SwiftLeedsWidget/Info.plist;
				INFOPLIST_KEY_CFBundleDisplayName = SwiftLeedsWidget;
				INFOPLIST_KEY_NSHumanReadableCopyright = "";
				IPHONEOS_DEPLOYMENT_TARGET = 15.5;
				LD_RUNPATH_SEARCH_PATHS = (
					"$(inherited)",
					"@executable_path/Frameworks",
					"@executable_path/../../Frameworks",
				);
				MARKETING_VERSION = 1.0;
				PRODUCT_BUNDLE_IDENTIFIER = uk.co.swiftleeds.SwiftLeeds.SwiftLeedsWidget;
				PRODUCT_NAME = "$(TARGET_NAME)";
				PROVISIONING_PROFILE_SPECIFIER = "";
				SKIP_INSTALL = YES;
				SWIFT_EMIT_LOC_STRINGS = YES;
				SWIFT_VERSION = 5.0;
				TARGETED_DEVICE_FAMILY = "1,2";
			};
			name = Debug;
		};
		74A09FED28C6779300E03F39 /* Release */ = {
			isa = XCBuildConfiguration;
			buildSettings = {
				ASSETCATALOG_COMPILER_GLOBAL_ACCENT_COLOR_NAME = AccentColor;
				ASSETCATALOG_COMPILER_WIDGET_BACKGROUND_COLOR_NAME = WidgetBackground;
				CODE_SIGN_ENTITLEMENTS = SwiftLeedsWidgetExtension.entitlements;
				CODE_SIGN_IDENTITY = "Apple Development";
				CODE_SIGN_STYLE = Automatic;
				CURRENT_PROJECT_VERSION = 1;
				DEVELOPMENT_TEAM = K33K6V7FBA;
				GENERATE_INFOPLIST_FILE = YES;
				INFOPLIST_FILE = SwiftLeedsWidget/Info.plist;
				INFOPLIST_KEY_CFBundleDisplayName = SwiftLeedsWidget;
				INFOPLIST_KEY_NSHumanReadableCopyright = "";
				IPHONEOS_DEPLOYMENT_TARGET = 15.5;
				LD_RUNPATH_SEARCH_PATHS = (
					"$(inherited)",
					"@executable_path/Frameworks",
					"@executable_path/../../Frameworks",
				);
				MARKETING_VERSION = 1.0;
				PRODUCT_BUNDLE_IDENTIFIER = uk.co.swiftleeds.SwiftLeeds.SwiftLeedsWidget;
				PRODUCT_NAME = "$(TARGET_NAME)";
				PROVISIONING_PROFILE_SPECIFIER = "";
				SKIP_INSTALL = YES;
				SWIFT_EMIT_LOC_STRINGS = YES;
				SWIFT_VERSION = 5.0;
				TARGETED_DEVICE_FAMILY = "1,2";
			};
			name = Release;
		};
		AECB297527417F9E00CDC983 /* Debug */ = {
			isa = XCBuildConfiguration;
			buildSettings = {
				ALWAYS_SEARCH_USER_PATHS = NO;
				CLANG_ANALYZER_NONNULL = YES;
				CLANG_ANALYZER_NUMBER_OBJECT_CONVERSION = YES_AGGRESSIVE;
				CLANG_CXX_LANGUAGE_STANDARD = "gnu++17";
				CLANG_CXX_LIBRARY = "libc++";
				CLANG_ENABLE_MODULES = YES;
				CLANG_ENABLE_OBJC_ARC = YES;
				CLANG_ENABLE_OBJC_WEAK = YES;
				CLANG_WARN_BLOCK_CAPTURE_AUTORELEASING = YES;
				CLANG_WARN_BOOL_CONVERSION = YES;
				CLANG_WARN_COMMA = YES;
				CLANG_WARN_CONSTANT_CONVERSION = YES;
				CLANG_WARN_DEPRECATED_OBJC_IMPLEMENTATIONS = YES;
				CLANG_WARN_DIRECT_OBJC_ISA_USAGE = YES_ERROR;
				CLANG_WARN_DOCUMENTATION_COMMENTS = YES;
				CLANG_WARN_EMPTY_BODY = YES;
				CLANG_WARN_ENUM_CONVERSION = YES;
				CLANG_WARN_INFINITE_RECURSION = YES;
				CLANG_WARN_INT_CONVERSION = YES;
				CLANG_WARN_NON_LITERAL_NULL_CONVERSION = YES;
				CLANG_WARN_OBJC_IMPLICIT_RETAIN_SELF = YES;
				CLANG_WARN_OBJC_LITERAL_CONVERSION = YES;
				CLANG_WARN_OBJC_ROOT_CLASS = YES_ERROR;
				CLANG_WARN_QUOTED_INCLUDE_IN_FRAMEWORK_HEADER = YES;
				CLANG_WARN_RANGE_LOOP_ANALYSIS = YES;
				CLANG_WARN_STRICT_PROTOTYPES = YES;
				CLANG_WARN_SUSPICIOUS_MOVE = YES;
				CLANG_WARN_UNGUARDED_AVAILABILITY = YES_AGGRESSIVE;
				CLANG_WARN_UNREACHABLE_CODE = YES;
				CLANG_WARN__DUPLICATE_METHOD_MATCH = YES;
				COPY_PHASE_STRIP = NO;
				DEBUG_INFORMATION_FORMAT = dwarf;
				ENABLE_STRICT_OBJC_MSGSEND = YES;
				ENABLE_TESTABILITY = YES;
				GCC_C_LANGUAGE_STANDARD = gnu11;
				GCC_DYNAMIC_NO_PIC = NO;
				GCC_NO_COMMON_BLOCKS = YES;
				GCC_OPTIMIZATION_LEVEL = 0;
				GCC_PREPROCESSOR_DEFINITIONS = (
					"DEBUG=1",
					"$(inherited)",
				);
				GCC_WARN_64_TO_32_BIT_CONVERSION = YES;
				GCC_WARN_ABOUT_RETURN_TYPE = YES_ERROR;
				GCC_WARN_UNDECLARED_SELECTOR = YES;
				GCC_WARN_UNINITIALIZED_AUTOS = YES_AGGRESSIVE;
				GCC_WARN_UNUSED_FUNCTION = YES;
				GCC_WARN_UNUSED_VARIABLE = YES;
				IPHONEOS_DEPLOYMENT_TARGET = 15.0;
				MTL_ENABLE_DEBUG_INFO = INCLUDE_SOURCE;
				MTL_FAST_MATH = YES;
				ONLY_ACTIVE_ARCH = YES;
				SDKROOT = iphoneos;
				SWIFT_ACTIVE_COMPILATION_CONDITIONS = DEBUG;
				SWIFT_OPTIMIZATION_LEVEL = "-Onone";
			};
			name = Debug;
		};
		AECB297627417F9E00CDC983 /* Release */ = {
			isa = XCBuildConfiguration;
			buildSettings = {
				ALWAYS_SEARCH_USER_PATHS = NO;
				CLANG_ANALYZER_NONNULL = YES;
				CLANG_ANALYZER_NUMBER_OBJECT_CONVERSION = YES_AGGRESSIVE;
				CLANG_CXX_LANGUAGE_STANDARD = "gnu++17";
				CLANG_CXX_LIBRARY = "libc++";
				CLANG_ENABLE_MODULES = YES;
				CLANG_ENABLE_OBJC_ARC = YES;
				CLANG_ENABLE_OBJC_WEAK = YES;
				CLANG_WARN_BLOCK_CAPTURE_AUTORELEASING = YES;
				CLANG_WARN_BOOL_CONVERSION = YES;
				CLANG_WARN_COMMA = YES;
				CLANG_WARN_CONSTANT_CONVERSION = YES;
				CLANG_WARN_DEPRECATED_OBJC_IMPLEMENTATIONS = YES;
				CLANG_WARN_DIRECT_OBJC_ISA_USAGE = YES_ERROR;
				CLANG_WARN_DOCUMENTATION_COMMENTS = YES;
				CLANG_WARN_EMPTY_BODY = YES;
				CLANG_WARN_ENUM_CONVERSION = YES;
				CLANG_WARN_INFINITE_RECURSION = YES;
				CLANG_WARN_INT_CONVERSION = YES;
				CLANG_WARN_NON_LITERAL_NULL_CONVERSION = YES;
				CLANG_WARN_OBJC_IMPLICIT_RETAIN_SELF = YES;
				CLANG_WARN_OBJC_LITERAL_CONVERSION = YES;
				CLANG_WARN_OBJC_ROOT_CLASS = YES_ERROR;
				CLANG_WARN_QUOTED_INCLUDE_IN_FRAMEWORK_HEADER = YES;
				CLANG_WARN_RANGE_LOOP_ANALYSIS = YES;
				CLANG_WARN_STRICT_PROTOTYPES = YES;
				CLANG_WARN_SUSPICIOUS_MOVE = YES;
				CLANG_WARN_UNGUARDED_AVAILABILITY = YES_AGGRESSIVE;
				CLANG_WARN_UNREACHABLE_CODE = YES;
				CLANG_WARN__DUPLICATE_METHOD_MATCH = YES;
				COPY_PHASE_STRIP = NO;
				DEBUG_INFORMATION_FORMAT = "dwarf-with-dsym";
				ENABLE_NS_ASSERTIONS = NO;
				ENABLE_STRICT_OBJC_MSGSEND = YES;
				GCC_C_LANGUAGE_STANDARD = gnu11;
				GCC_NO_COMMON_BLOCKS = YES;
				GCC_WARN_64_TO_32_BIT_CONVERSION = YES;
				GCC_WARN_ABOUT_RETURN_TYPE = YES_ERROR;
				GCC_WARN_UNDECLARED_SELECTOR = YES;
				GCC_WARN_UNINITIALIZED_AUTOS = YES_AGGRESSIVE;
				GCC_WARN_UNUSED_FUNCTION = YES;
				GCC_WARN_UNUSED_VARIABLE = YES;
				IPHONEOS_DEPLOYMENT_TARGET = 15.0;
				MTL_ENABLE_DEBUG_INFO = NO;
				MTL_FAST_MATH = YES;
				SDKROOT = iphoneos;
				SWIFT_COMPILATION_MODE = wholemodule;
				SWIFT_OPTIMIZATION_LEVEL = "-O";
				VALIDATE_PRODUCT = YES;
			};
			name = Release;
		};
		AECB297827417F9E00CDC983 /* Debug */ = {
			isa = XCBuildConfiguration;
			buildSettings = {
				ALWAYS_EMBED_SWIFT_STANDARD_LIBRARIES = YES;
				ASSETCATALOG_COMPILER_APPICON_NAME = AppIcon;
				ASSETCATALOG_COMPILER_GLOBAL_ACCENT_COLOR_NAME = AccentColor;
				CODE_SIGN_ENTITLEMENTS = SwiftLeeds/SwiftLeeds.entitlements;
				CODE_SIGN_IDENTITY = "Apple Development";
				CODE_SIGN_STYLE = Automatic;
				CURRENT_PROJECT_VERSION = 1;
				DEVELOPMENT_ASSET_PATHS = "\"SwiftLeeds/Preview Content\"";
				DEVELOPMENT_TEAM = K33K6V7FBA;
				ENABLE_PREVIEWS = YES;
				GENERATE_INFOPLIST_FILE = YES;
				INFOPLIST_FILE = SwiftLeeds/App/Info.plist;
				INFOPLIST_KEY_UIApplicationSceneManifest_Generation = YES;
				INFOPLIST_KEY_UIApplicationSupportsIndirectInputEvents = YES;
				INFOPLIST_KEY_UISupportedInterfaceOrientations = UIInterfaceOrientationPortrait;
				INFOPLIST_KEY_UISupportedInterfaceOrientations_iPad = UIInterfaceOrientationPortraitUpsideDown;
				LD_RUNPATH_SEARCH_PATHS = (
					"$(inherited)",
					"@executable_path/Frameworks",
				);
				MARKETING_VERSION = 1.0;
				PRODUCT_BUNDLE_IDENTIFIER = uk.co.swiftleeds.SwiftLeeds;
				PRODUCT_NAME = "$(TARGET_NAME)";
				PROVISIONING_PROFILE_SPECIFIER = "";
				SWIFT_EMIT_LOC_STRINGS = YES;
				SWIFT_VERSION = 5.0;
				TARGETED_DEVICE_FAMILY = "1,2";
			};
			name = Debug;
		};
		AECB297927417F9E00CDC983 /* Release */ = {
			isa = XCBuildConfiguration;
			buildSettings = {
				ALWAYS_EMBED_SWIFT_STANDARD_LIBRARIES = YES;
				ASSETCATALOG_COMPILER_APPICON_NAME = AppIcon;
				ASSETCATALOG_COMPILER_GLOBAL_ACCENT_COLOR_NAME = AccentColor;
				CODE_SIGN_ENTITLEMENTS = SwiftLeeds/SwiftLeeds.entitlements;
				CODE_SIGN_IDENTITY = "Apple Development";
				CODE_SIGN_STYLE = Automatic;
				CURRENT_PROJECT_VERSION = 1;
				DEVELOPMENT_ASSET_PATHS = "\"SwiftLeeds/Preview Content\"";
				DEVELOPMENT_TEAM = K33K6V7FBA;
				ENABLE_PREVIEWS = YES;
				GENERATE_INFOPLIST_FILE = YES;
				INFOPLIST_FILE = SwiftLeeds/App/Info.plist;
				INFOPLIST_KEY_UIApplicationSceneManifest_Generation = YES;
				INFOPLIST_KEY_UIApplicationSupportsIndirectInputEvents = YES;
				INFOPLIST_KEY_UISupportedInterfaceOrientations = UIInterfaceOrientationPortrait;
				INFOPLIST_KEY_UISupportedInterfaceOrientations_iPad = UIInterfaceOrientationPortraitUpsideDown;
				LD_RUNPATH_SEARCH_PATHS = (
					"$(inherited)",
					"@executable_path/Frameworks",
				);
				MARKETING_VERSION = 1.0;
				PRODUCT_BUNDLE_IDENTIFIER = uk.co.swiftleeds.SwiftLeeds;
				PRODUCT_NAME = "$(TARGET_NAME)";
				PROVISIONING_PROFILE_SPECIFIER = "";
				SWIFT_EMIT_LOC_STRINGS = YES;
				SWIFT_VERSION = 5.0;
				TARGETED_DEVICE_FAMILY = "1,2";
			};
			name = Release;
		};
		AECB297B27417F9E00CDC983 /* Debug */ = {
			isa = XCBuildConfiguration;
			buildSettings = {
				ALWAYS_EMBED_SWIFT_STANDARD_LIBRARIES = YES;
				BUNDLE_LOADER = "$(TEST_HOST)";
				CODE_SIGN_STYLE = Automatic;
				CURRENT_PROJECT_VERSION = 1;
				DEVELOPMENT_TEAM = K33K6V7FBA;
				GENERATE_INFOPLIST_FILE = YES;
				IPHONEOS_DEPLOYMENT_TARGET = 15.0;
				LD_RUNPATH_SEARCH_PATHS = (
					"$(inherited)",
					"@executable_path/Frameworks",
					"@loader_path/Frameworks",
				);
				MARKETING_VERSION = 1.0;
				PRODUCT_BUNDLE_IDENTIFIER = uk.co.swiftleeds.SwiftLeedsTests;
				PRODUCT_NAME = "$(TARGET_NAME)";
				SWIFT_EMIT_LOC_STRINGS = NO;
				SWIFT_VERSION = 5.0;
				TARGETED_DEVICE_FAMILY = "1,2";
				TEST_HOST = "$(BUILT_PRODUCTS_DIR)/SwiftLeeds.app/SwiftLeeds";
			};
			name = Debug;
		};
		AECB297C27417F9E00CDC983 /* Release */ = {
			isa = XCBuildConfiguration;
			buildSettings = {
				ALWAYS_EMBED_SWIFT_STANDARD_LIBRARIES = YES;
				BUNDLE_LOADER = "$(TEST_HOST)";
				CODE_SIGN_STYLE = Automatic;
				CURRENT_PROJECT_VERSION = 1;
				DEVELOPMENT_TEAM = K33K6V7FBA;
				GENERATE_INFOPLIST_FILE = YES;
				IPHONEOS_DEPLOYMENT_TARGET = 15.0;
				LD_RUNPATH_SEARCH_PATHS = (
					"$(inherited)",
					"@executable_path/Frameworks",
					"@loader_path/Frameworks",
				);
				MARKETING_VERSION = 1.0;
				PRODUCT_BUNDLE_IDENTIFIER = uk.co.swiftleeds.SwiftLeedsTests;
				PRODUCT_NAME = "$(TARGET_NAME)";
				SWIFT_EMIT_LOC_STRINGS = NO;
				SWIFT_VERSION = 5.0;
				TARGETED_DEVICE_FAMILY = "1,2";
				TEST_HOST = "$(BUILT_PRODUCTS_DIR)/SwiftLeeds.app/SwiftLeeds";
			};
			name = Release;
		};
		AECB297E27417F9E00CDC983 /* Debug */ = {
			isa = XCBuildConfiguration;
			buildSettings = {
				ALWAYS_EMBED_SWIFT_STANDARD_LIBRARIES = YES;
				CODE_SIGN_STYLE = Automatic;
				CURRENT_PROJECT_VERSION = 1;
				DEVELOPMENT_TEAM = K33K6V7FBA;
				GENERATE_INFOPLIST_FILE = YES;
				LD_RUNPATH_SEARCH_PATHS = (
					"$(inherited)",
					"@executable_path/Frameworks",
					"@loader_path/Frameworks",
				);
				MARKETING_VERSION = 1.0;
				PRODUCT_BUNDLE_IDENTIFIER = uk.co.swiftleeds.SwiftLeedsUITests;
				PRODUCT_NAME = "$(TARGET_NAME)";
				SWIFT_EMIT_LOC_STRINGS = NO;
				SWIFT_VERSION = 5.0;
				TARGETED_DEVICE_FAMILY = "1,2";
				TEST_TARGET_NAME = SwiftLeeds;
			};
			name = Debug;
		};
		AECB297F27417F9E00CDC983 /* Release */ = {
			isa = XCBuildConfiguration;
			buildSettings = {
				ALWAYS_EMBED_SWIFT_STANDARD_LIBRARIES = YES;
				CODE_SIGN_STYLE = Automatic;
				CURRENT_PROJECT_VERSION = 1;
				DEVELOPMENT_TEAM = K33K6V7FBA;
				GENERATE_INFOPLIST_FILE = YES;
				LD_RUNPATH_SEARCH_PATHS = (
					"$(inherited)",
					"@executable_path/Frameworks",
					"@loader_path/Frameworks",
				);
				MARKETING_VERSION = 1.0;
				PRODUCT_BUNDLE_IDENTIFIER = uk.co.swiftleeds.SwiftLeedsUITests;
				PRODUCT_NAME = "$(TARGET_NAME)";
				SWIFT_EMIT_LOC_STRINGS = NO;
				SWIFT_VERSION = 5.0;
				TARGETED_DEVICE_FAMILY = "1,2";
				TEST_TARGET_NAME = SwiftLeeds;
			};
			name = Release;
		};
/* End XCBuildConfiguration section */

/* Begin XCConfigurationList section */
		74A09FEE28C6779300E03F39 /* Build configuration list for PBXNativeTarget "SwiftLeedsWidgetExtension" */ = {
			isa = XCConfigurationList;
			buildConfigurations = (
				74A09FEC28C6779300E03F39 /* Debug */,
				74A09FED28C6779300E03F39 /* Release */,
			);
			defaultConfigurationIsVisible = 0;
			defaultConfigurationName = Release;
		};
		AECB294E27417F9D00CDC983 /* Build configuration list for PBXProject "SwiftLeeds" */ = {
			isa = XCConfigurationList;
			buildConfigurations = (
				AECB297527417F9E00CDC983 /* Debug */,
				AECB297627417F9E00CDC983 /* Release */,
			);
			defaultConfigurationIsVisible = 0;
			defaultConfigurationName = Release;
		};
		AECB297727417F9E00CDC983 /* Build configuration list for PBXNativeTarget "SwiftLeeds" */ = {
			isa = XCConfigurationList;
			buildConfigurations = (
				AECB297827417F9E00CDC983 /* Debug */,
				AECB297927417F9E00CDC983 /* Release */,
			);
			defaultConfigurationIsVisible = 0;
			defaultConfigurationName = Release;
		};
		AECB297A27417F9E00CDC983 /* Build configuration list for PBXNativeTarget "SwiftLeedsTests" */ = {
			isa = XCConfigurationList;
			buildConfigurations = (
				AECB297B27417F9E00CDC983 /* Debug */,
				AECB297C27417F9E00CDC983 /* Release */,
			);
			defaultConfigurationIsVisible = 0;
			defaultConfigurationName = Release;
		};
		AECB297D27417F9E00CDC983 /* Build configuration list for PBXNativeTarget "SwiftLeedsUITests" */ = {
			isa = XCConfigurationList;
			buildConfigurations = (
				AECB297E27417F9E00CDC983 /* Debug */,
				AECB297F27417F9E00CDC983 /* Release */,
			);
			defaultConfigurationIsVisible = 0;
			defaultConfigurationName = Release;
		};
/* End XCConfigurationList section */

/* Begin XCRemoteSwiftPackageReference section */
		AE5EFD71289DC1D000464FE1 /* XCRemoteSwiftPackageReference "swiftui-cached-async-image" */ = {
			isa = XCRemoteSwiftPackageReference;
			repositoryURL = "https://github.com/lorenzofiamingo/swiftui-cached-async-image";
			requirement = {
				kind = upToNextMajorVersion;
				minimumVersion = 2.0.0;
			};
		};
/* End XCRemoteSwiftPackageReference section */

/* Begin XCSwiftPackageProductDependency section */
		AE5EFD72289DC1D000464FE1 /* CachedAsyncImage */ = {
			isa = XCSwiftPackageProductDependency;
			package = AE5EFD71289DC1D000464FE1 /* XCRemoteSwiftPackageReference "swiftui-cached-async-image" */;
			productName = CachedAsyncImage;
		};
		FAF74EDB288B44BE00A0926C /* NetworkKit */ = {
			isa = XCSwiftPackageProductDependency;
			productName = NetworkKit;
		};
/* End XCSwiftPackageProductDependency section */
	};
	rootObject = AECB294B27417F9D00CDC983 /* Project object */;
}
