{
  "originHash" : "7d728fb22cc8bfe3bed726751f577064cb1c42d0884749144a052b6f44ed0c84",
  "pins" : [
    {
      "identity" : "swiftgenplugin",
      "kind" : "remoteSourceControl",
      "location" : "https://github.com/shadone/SwiftGenPlugin",
      "state" : {
        "branch" : "6.6.2+deriveddatafix",
        "revision" : "9eb26960d2ebecbe74feecc695e6125eb39e797e"
      }
    }
  ],
  "version" : 3
}
